
Microsoft Visual Studio Solution File, Format Version 12.00
# Visual Studio Version 17
VisualStudioVersion = 17.9.34728.123
MinimumVisualStudioVersion = 10.0.40219.1
Project("{FAE04EC0-301F-11D3-BF4B-00C04F79EFBC}") = "Lab03_Bai02", "Lab03_Bai02\Lab03_Bai02.csproj", "{522C325A-5269-49F2-916A-42F6A756F7F5}"
EndProject
Global
	GlobalSection(SolutionConfigurationPlatforms) = preSolution
		Debug|Any CPU = Debug|Any CPU
		Release|Any CPU = Release|Any CPU
	EndGlobalSection
	GlobalSection(ProjectConfigurationPlatforms) = postSolution
		{522C325A-5269-49F2-916A-42F6A756F7F5}.Debug|Any CPU.ActiveCfg = Debug|Any CPU
		{522C325A-5269-49F2-916A-42F6A756F7F5}.Debug|Any CPU.Build.0 = Debug|Any CPU
		{522C325A-5269-49F2-916A-42F6A756F7F5}.Release|Any CPU.ActiveCfg = Release|Any CPU
		{522C325A-5269-49F2-916A-42F6A756F7F5}.Release|Any CPU.Build.0 = Release|Any CPU
	EndGlobalSection
	GlobalSection(SolutionProperties) = preSolution
		HideSolutionNode = FALSE
	EndGlobalSection
	GlobalSection(ExtensibilityGlobals) = postSolution
		SolutionGuid = {8F780A20-A5BB-4DBB-9A11-69EB9F12CFEB}
	EndGlobalSection
EndGlobal
