
Microsoft Visual Studio Solution File, Format Version 12.00
# Visual Studio Version 17
VisualStudioVersion = 17.9.34728.123
MinimumVisualStudioVersion = 10.0.40219.1
Project("{FAE04EC0-301F-11D3-BF4B-00C04F79EFBC}") = "UDPClient", "UDPClient\UDPClient.csproj", "{1D5D80E0-570F-48E5-BA28-4D8A407AFAB8}"
EndProject
Project("{FAE04EC0-301F-11D3-BF4B-00C04F79EFBC}") = "UDPServer", "UDPServer\UDPServer.csproj", "{5DE7E37E-E53E-48F2-B21C-020FBBBE73E6}"
EndProject
Global
	GlobalSection(SolutionConfigurationPlatforms) = preSolution
		Debug|Any CPU = Debug|Any CPU
		Release|Any CPU = Release|Any CPU
	EndGlobalSection
	GlobalSection(ProjectConfigurationPlatforms) = postSolution
		{1D5D80E0-570F-48E5-BA28-4D8A407AFAB8}.Debug|Any CPU.ActiveCfg = Debug|Any CPU
		{1D5D80E0-570F-48E5-BA28-4D8A407AFAB8}.Debug|Any CPU.Build.0 = Debug|Any CPU
		{1D5D80E0-570F-48E5-BA28-4D8A407AFAB8}.Release|Any CPU.ActiveCfg = Release|Any CPU
		{1D5D80E0-570F-48E5-BA28-4D8A407AFAB8}.Release|Any CPU.Build.0 = Release|Any CPU
		{5DE7E37E-E53E-48F2-B21C-020FBBBE73E6}.Debug|Any CPU.ActiveCfg = Debug|Any CPU
		{5DE7E37E-E53E-48F2-B21C-020FBBBE73E6}.Debug|Any CPU.Build.0 = Debug|Any CPU
		{5DE7E37E-E53E-48F2-B21C-020FBBBE73E6}.Release|Any CPU.ActiveCfg = Release|Any CPU
		{5DE7E37E-E53E-48F2-B21C-020FBBBE73E6}.Release|Any CPU.Build.0 = Release|Any CPU
	EndGlobalSection
	GlobalSection(SolutionProperties) = preSolution
		HideSolutionNode = FALSE
	EndGlobalSection
	GlobalSection(ExtensibilityGlobals) = postSolution
		SolutionGuid = {46A77DBF-86F3-469F-B987-233CE3A9FC66}
	EndGlobalSection
EndGlobal
